
Microsoft Visual Studio Solution File, Format Version 12.00
# Visual Studio Version 17
VisualStudioVersion = 17.2.32616.157
MinimumVisualStudioVersion = 10.0.40219.1
Project("{2150E333-8FDC-42A3-9474-1A3956D46DE8}") = "Document", "Document", "{C7FBFD8E-8E5E-4F9D-9756-EB313FDDBCAA}"
	ProjectSection(SolutionItems) = preProject
		README.md = README.md
		Document\更新日志.md = Document\更新日志.md
		Document\示例文档.md = Document\示例文档.md
	EndProjectSection
EndProject
Project("{9A19103F-16F7-4668-BE54-9A1E7A4F7556}") = "Known", "Known\Known.csproj", "{7ECA9043-B6CC-4532-9881-FC5F4EFCD9A1}"
EndProject
Project("{9A19103F-16F7-4668-BE54-9A1E7A4F7556}") = "Known.Core", "Known.Core\Known.Core.csproj", "{BEA20DB8-1EC5-45C8-A2B2-1D4708087B07}"
EndProject
Project("{2150E333-8FDC-42A3-9474-1A3956D46DE8}") = "Plugins", "Plugins", "{D41AC7F1-8B6F-49C7-964C-451CEBC64E03}"
EndProject
Project("{9A19103F-16F7-4668-BE54-9A1E7A4F7556}") = "Known.AntBlazor", "Plugins\Known.AntBlazor\Known.AntBlazor.csproj", "{69EB6A63-AAD1-411E-8473-DF7BE4A23737}"
EndProject
Project("{9A19103F-16F7-4668-BE54-9A1E7A4F7556}") = "Known.Cells", "Plugins\Known.Cells\Known.Cells.csproj", "{28031FDC-5821-4E6C-A7EA-5E17086929F2}"
EndProject
Project("{2150E333-8FDC-42A3-9474-1A3956D46DE8}") = "Sample", "Sample", "{07B2A263-C351-48B9-9713-AC67C7BF4415}"
EndProject
Project("{9A19103F-16F7-4668-BE54-9A1E7A4F7556}") = "Sample", "Sample\Sample\Sample.csproj", "{28A3F3A6-2F2B-415D-AB84-050FC4C3AD7B}"
EndProject
Project("{9A19103F-16F7-4668-BE54-9A1E7A4F7556}") = "Sample.Web", "Sample\Sample.Web\Sample.Web.csproj", "{03F192BD-104A-4D5E-9C15-02FBBB82EA71}"
EndProject
Project("{9A19103F-16F7-4668-BE54-9A1E7A4F7556}") = "Sample.WinForm", "Sample\Sample.WinForm\Sample.WinForm.csproj", "{EC48A549-7F1B-4BCE-81BA-0F0C86361E7C}"
EndProject
Project("{9A19103F-16F7-4668-BE54-9A1E7A4F7556}") = "Known.Designer", "Plugins\Known.Designer\Known.Designer.csproj", "{FD4CEAC0-65F8-4B99-95D5-10208B7A3E4B}"
EndProject
Global
	GlobalSection(SolutionConfigurationPlatforms) = preSolution
		Debug|Any CPU = Debug|Any CPU
		Release|Any CPU = Release|Any CPU
	EndGlobalSection
	GlobalSection(ProjectConfigurationPlatforms) = postSolution
		{7ECA9043-B6CC-4532-9881-FC5F4EFCD9A1}.Debug|Any CPU.ActiveCfg = Debug|Any CPU
		{7ECA9043-B6CC-4532-9881-FC5F4EFCD9A1}.Debug|Any CPU.Build.0 = Debug|Any CPU
		{7ECA9043-B6CC-4532-9881-FC5F4EFCD9A1}.Release|Any CPU.ActiveCfg = Release|Any CPU
		{7ECA9043-B6CC-4532-9881-FC5F4EFCD9A1}.Release|Any CPU.Build.0 = Release|Any CPU
		{BEA20DB8-1EC5-45C8-A2B2-1D4708087B07}.Debug|Any CPU.ActiveCfg = Debug|Any CPU
		{BEA20DB8-1EC5-45C8-A2B2-1D4708087B07}.Debug|Any CPU.Build.0 = Debug|Any CPU
		{BEA20DB8-1EC5-45C8-A2B2-1D4708087B07}.Release|Any CPU.ActiveCfg = Release|Any CPU
		{BEA20DB8-1EC5-45C8-A2B2-1D4708087B07}.Release|Any CPU.Build.0 = Release|Any CPU
		{69EB6A63-AAD1-411E-8473-DF7BE4A23737}.Debug|Any CPU.ActiveCfg = Debug|Any CPU
		{69EB6A63-AAD1-411E-8473-DF7BE4A23737}.Debug|Any CPU.Build.0 = Debug|Any CPU
		{69EB6A63-AAD1-411E-8473-DF7BE4A23737}.Release|Any CPU.ActiveCfg = Release|Any CPU
		{69EB6A63-AAD1-411E-8473-DF7BE4A23737}.Release|Any CPU.Build.0 = Release|Any CPU
		{28031FDC-5821-4E6C-A7EA-5E17086929F2}.Debug|Any CPU.ActiveCfg = Debug|Any CPU
		{28031FDC-5821-4E6C-A7EA-5E17086929F2}.Debug|Any CPU.Build.0 = Debug|Any CPU
		{28031FDC-5821-4E6C-A7EA-5E17086929F2}.Release|Any CPU.ActiveCfg = Release|Any CPU
		{28031FDC-5821-4E6C-A7EA-5E17086929F2}.Release|Any CPU.Build.0 = Release|Any CPU
		{28A3F3A6-2F2B-415D-AB84-050FC4C3AD7B}.Debug|Any CPU.ActiveCfg = Debug|Any CPU
		{28A3F3A6-2F2B-415D-AB84-050FC4C3AD7B}.Debug|Any CPU.Build.0 = Debug|Any CPU
		{28A3F3A6-2F2B-415D-AB84-050FC4C3AD7B}.Release|Any CPU.ActiveCfg = Release|Any CPU
		{28A3F3A6-2F2B-415D-AB84-050FC4C3AD7B}.Release|Any CPU.Build.0 = Release|Any CPU
		{03F192BD-104A-4D5E-9C15-02FBBB82EA71}.Debug|Any CPU.ActiveCfg = Debug|Any CPU
		{03F192BD-104A-4D5E-9C15-02FBBB82EA71}.Debug|Any CPU.Build.0 = Debug|Any CPU
		{03F192BD-104A-4D5E-9C15-02FBBB82EA71}.Release|Any CPU.ActiveCfg = Release|Any CPU
		{03F192BD-104A-4D5E-9C15-02FBBB82EA71}.Release|Any CPU.Build.0 = Release|Any CPU
		{EC48A549-7F1B-4BCE-81BA-0F0C86361E7C}.Debug|Any CPU.ActiveCfg = Debug|Any CPU
		{EC48A549-7F1B-4BCE-81BA-0F0C86361E7C}.Debug|Any CPU.Build.0 = Debug|Any CPU
		{EC48A549-7F1B-4BCE-81BA-0F0C86361E7C}.Release|Any CPU.ActiveCfg = Release|Any CPU
		{EC48A549-7F1B-4BCE-81BA-0F0C86361E7C}.Release|Any CPU.Build.0 = Release|Any CPU
		{FD4CEAC0-65F8-4B99-95D5-10208B7A3E4B}.Debug|Any CPU.ActiveCfg = Debug|Any CPU
		{FD4CEAC0-65F8-4B99-95D5-10208B7A3E4B}.Debug|Any CPU.Build.0 = Debug|Any CPU
		{FD4CEAC0-65F8-4B99-95D5-10208B7A3E4B}.Release|Any CPU.ActiveCfg = Release|Any CPU
		{FD4CEAC0-65F8-4B99-95D5-10208B7A3E4B}.Release|Any CPU.Build.0 = Release|Any CPU
	EndGlobalSection
	GlobalSection(SolutionProperties) = preSolution
		HideSolutionNode = FALSE
	EndGlobalSection
	GlobalSection(NestedProjects) = preSolution
		{69EB6A63-AAD1-411E-8473-DF7BE4A23737} = {D41AC7F1-8B6F-49C7-964C-451CEBC64E03}
		{28031FDC-5821-4E6C-A7EA-5E17086929F2} = {D41AC7F1-8B6F-49C7-964C-451CEBC64E03}
		{28A3F3A6-2F2B-415D-AB84-050FC4C3AD7B} = {07B2A263-C351-48B9-9713-AC67C7BF4415}
		{03F192BD-104A-4D5E-9C15-02FBBB82EA71} = {07B2A263-C351-48B9-9713-AC67C7BF4415}
		{EC48A549-7F1B-4BCE-81BA-0F0C86361E7C} = {07B2A263-C351-48B9-9713-AC67C7BF4415}
		{FD4CEAC0-65F8-4B99-95D5-10208B7A3E4B} = {D41AC7F1-8B6F-49C7-964C-451CEBC64E03}
	EndGlobalSection
	GlobalSection(ExtensibilityGlobals) = postSolution
		SolutionGuid = {F0BB8F8E-546D-43AE-9698-433B50035E81}
	EndGlobalSection
EndGlobal
