
Microsoft Visual Studio Solution File, Format Version 12.00
# Visual Studio Version 17
VisualStudioVersion = 17.2.32616.157
MinimumVisualStudioVersion = 10.0.40219.1
Project("{9A19103F-16F7-4668-BE54-9A1E7A4F7556}") = "Known", "Known\Known.csproj", "{F1B652EA-560D-4F13-A30F-C7968DE912FC}"
EndProject
Project("{9A19103F-16F7-4668-BE54-9A1E7A4F7556}") = "Known.Core", "Known.Core\Known.Core.csproj", "{896A563F-321E-46D8-87A1-F21E2858EEBA}"
EndProject
Project("{9A19103F-16F7-4668-BE54-9A1E7A4F7556}") = "Known.Razor", "Known.Razor\Known.Razor.csproj", "{080D44A3-CC25-4C98-9E25-6A3430D464D8}"
EndProject
Project("{9A19103F-16F7-4668-BE54-9A1E7A4F7556}") = "Known.Studio", "Known.Studio\Known.Studio.csproj", "{E23DF2D4-6791-4FF3-B065-5860E9DB4D39}"
EndProject
Project("{2150E333-8FDC-42A3-9474-1A3956D46DE8}") = "Sample", "Sample", "{9E4C2479-3BB0-431D-9A25-EC6A1BB382A4}"
EndProject
Project("{9A19103F-16F7-4668-BE54-9A1E7A4F7556}") = "Test", "Sample\Test\Test.csproj", "{FD0E50F2-9C38-482E-BB15-9C6D79A3FAD6}"
EndProject
Project("{9A19103F-16F7-4668-BE54-9A1E7A4F7556}") = "Test.Client", "Sample\Test.Client\Test.Client.csproj", "{CBF37F90-D4A6-4326-8305-5E36B7A22470}"
EndProject
Project("{9A19103F-16F7-4668-BE54-9A1E7A4F7556}") = "Test.Server", "Sample\Test.Server\Test.Server.csproj", "{9EDF60C0-7F3B-4ACF-ADAB-7D1FB838EE34}"
EndProject
Project("{9A19103F-16F7-4668-BE54-9A1E7A4F7556}") = "Test.Core", "Sample\Test.Core\Test.Core.csproj", "{42758736-5851-47B4-AFF3-92E7FFA2D0D3}"
EndProject
Project("{9A19103F-16F7-4668-BE54-9A1E7A4F7556}") = "Test.Razor", "Sample\Test.Razor\Test.Razor.csproj", "{1B0B0624-D2D9-415F-85E6-C32EA444CECC}"
EndProject
Project("{9A19103F-16F7-4668-BE54-9A1E7A4F7556}") = "Test.WinForm", "Sample\Test.WinForm\Test.WinForm.csproj", "{A70888EE-C2EB-4049-9DCA-C8F2E86282B6}"
EndProject
Project("{9A19103F-16F7-4668-BE54-9A1E7A4F7556}") = "TestAlone", "Sample\TestAlone\TestAlone.csproj", "{71CBDB91-B333-424E-82CC-9D50517E265B}"
EndProject
Project("{2150E333-8FDC-42A3-9474-1A3956D46DE8}") = "Document", "Document", "{C7FBFD8E-8E5E-4F9D-9756-EB313FDDBCAA}"
	ProjectSection(SolutionItems) = preProject
		README.md = README.md
	EndProjectSection
EndProject
Global
	GlobalSection(SolutionConfigurationPlatforms) = preSolution
		Debug|Any CPU = Debug|Any CPU
		Release|Any CPU = Release|Any CPU
	EndGlobalSection
	GlobalSection(ProjectConfigurationPlatforms) = postSolution
		{F1B652EA-560D-4F13-A30F-C7968DE912FC}.Debug|Any CPU.ActiveCfg = Debug|Any CPU
		{F1B652EA-560D-4F13-A30F-C7968DE912FC}.Debug|Any CPU.Build.0 = Debug|Any CPU
		{F1B652EA-560D-4F13-A30F-C7968DE912FC}.Release|Any CPU.ActiveCfg = Release|Any CPU
		{F1B652EA-560D-4F13-A30F-C7968DE912FC}.Release|Any CPU.Build.0 = Release|Any CPU
		{896A563F-321E-46D8-87A1-F21E2858EEBA}.Debug|Any CPU.ActiveCfg = Debug|Any CPU
		{896A563F-321E-46D8-87A1-F21E2858EEBA}.Debug|Any CPU.Build.0 = Debug|Any CPU
		{896A563F-321E-46D8-87A1-F21E2858EEBA}.Release|Any CPU.ActiveCfg = Release|Any CPU
		{896A563F-321E-46D8-87A1-F21E2858EEBA}.Release|Any CPU.Build.0 = Release|Any CPU
		{080D44A3-CC25-4C98-9E25-6A3430D464D8}.Debug|Any CPU.ActiveCfg = Debug|Any CPU
		{080D44A3-CC25-4C98-9E25-6A3430D464D8}.Debug|Any CPU.Build.0 = Debug|Any CPU
		{080D44A3-CC25-4C98-9E25-6A3430D464D8}.Release|Any CPU.ActiveCfg = Release|Any CPU
		{080D44A3-CC25-4C98-9E25-6A3430D464D8}.Release|Any CPU.Build.0 = Release|Any CPU
		{E23DF2D4-6791-4FF3-B065-5860E9DB4D39}.Debug|Any CPU.ActiveCfg = Debug|Any CPU
		{E23DF2D4-6791-4FF3-B065-5860E9DB4D39}.Debug|Any CPU.Build.0 = Debug|Any CPU
		{E23DF2D4-6791-4FF3-B065-5860E9DB4D39}.Release|Any CPU.ActiveCfg = Release|Any CPU
		{E23DF2D4-6791-4FF3-B065-5860E9DB4D39}.Release|Any CPU.Build.0 = Release|Any CPU
		{FD0E50F2-9C38-482E-BB15-9C6D79A3FAD6}.Debug|Any CPU.ActiveCfg = Debug|Any CPU
		{FD0E50F2-9C38-482E-BB15-9C6D79A3FAD6}.Debug|Any CPU.Build.0 = Debug|Any CPU
		{FD0E50F2-9C38-482E-BB15-9C6D79A3FAD6}.Release|Any CPU.ActiveCfg = Release|Any CPU
		{FD0E50F2-9C38-482E-BB15-9C6D79A3FAD6}.Release|Any CPU.Build.0 = Release|Any CPU
		{CBF37F90-D4A6-4326-8305-5E36B7A22470}.Debug|Any CPU.ActiveCfg = Debug|Any CPU
		{CBF37F90-D4A6-4326-8305-5E36B7A22470}.Debug|Any CPU.Build.0 = Debug|Any CPU
		{CBF37F90-D4A6-4326-8305-5E36B7A22470}.Release|Any CPU.ActiveCfg = Release|Any CPU
		{CBF37F90-D4A6-4326-8305-5E36B7A22470}.Release|Any CPU.Build.0 = Release|Any CPU
		{9EDF60C0-7F3B-4ACF-ADAB-7D1FB838EE34}.Debug|Any CPU.ActiveCfg = Debug|Any CPU
		{9EDF60C0-7F3B-4ACF-ADAB-7D1FB838EE34}.Debug|Any CPU.Build.0 = Debug|Any CPU
		{9EDF60C0-7F3B-4ACF-ADAB-7D1FB838EE34}.Release|Any CPU.ActiveCfg = Release|Any CPU
		{9EDF60C0-7F3B-4ACF-ADAB-7D1FB838EE34}.Release|Any CPU.Build.0 = Release|Any CPU
		{42758736-5851-47B4-AFF3-92E7FFA2D0D3}.Debug|Any CPU.ActiveCfg = Debug|Any CPU
		{42758736-5851-47B4-AFF3-92E7FFA2D0D3}.Debug|Any CPU.Build.0 = Debug|Any CPU
		{42758736-5851-47B4-AFF3-92E7FFA2D0D3}.Release|Any CPU.ActiveCfg = Release|Any CPU
		{42758736-5851-47B4-AFF3-92E7FFA2D0D3}.Release|Any CPU.Build.0 = Release|Any CPU
		{1B0B0624-D2D9-415F-85E6-C32EA444CECC}.Debug|Any CPU.ActiveCfg = Debug|Any CPU
		{1B0B0624-D2D9-415F-85E6-C32EA444CECC}.Debug|Any CPU.Build.0 = Debug|Any CPU
		{1B0B0624-D2D9-415F-85E6-C32EA444CECC}.Release|Any CPU.ActiveCfg = Release|Any CPU
		{1B0B0624-D2D9-415F-85E6-C32EA444CECC}.Release|Any CPU.Build.0 = Release|Any CPU
		{A70888EE-C2EB-4049-9DCA-C8F2E86282B6}.Debug|Any CPU.ActiveCfg = Debug|Any CPU
		{A70888EE-C2EB-4049-9DCA-C8F2E86282B6}.Debug|Any CPU.Build.0 = Debug|Any CPU
		{A70888EE-C2EB-4049-9DCA-C8F2E86282B6}.Release|Any CPU.ActiveCfg = Release|Any CPU
		{A70888EE-C2EB-4049-9DCA-C8F2E86282B6}.Release|Any CPU.Build.0 = Release|Any CPU
		{71CBDB91-B333-424E-82CC-9D50517E265B}.Debug|Any CPU.ActiveCfg = Debug|Any CPU
		{71CBDB91-B333-424E-82CC-9D50517E265B}.Debug|Any CPU.Build.0 = Debug|Any CPU
		{71CBDB91-B333-424E-82CC-9D50517E265B}.Release|Any CPU.ActiveCfg = Release|Any CPU
		{71CBDB91-B333-424E-82CC-9D50517E265B}.Release|Any CPU.Build.0 = Release|Any CPU
	EndGlobalSection
	GlobalSection(SolutionProperties) = preSolution
		HideSolutionNode = FALSE
	EndGlobalSection
	GlobalSection(NestedProjects) = preSolution
		{FD0E50F2-9C38-482E-BB15-9C6D79A3FAD6} = {9E4C2479-3BB0-431D-9A25-EC6A1BB382A4}
		{CBF37F90-D4A6-4326-8305-5E36B7A22470} = {9E4C2479-3BB0-431D-9A25-EC6A1BB382A4}
		{9EDF60C0-7F3B-4ACF-ADAB-7D1FB838EE34} = {9E4C2479-3BB0-431D-9A25-EC6A1BB382A4}
		{42758736-5851-47B4-AFF3-92E7FFA2D0D3} = {9E4C2479-3BB0-431D-9A25-EC6A1BB382A4}
		{1B0B0624-D2D9-415F-85E6-C32EA444CECC} = {9E4C2479-3BB0-431D-9A25-EC6A1BB382A4}
		{A70888EE-C2EB-4049-9DCA-C8F2E86282B6} = {9E4C2479-3BB0-431D-9A25-EC6A1BB382A4}
		{71CBDB91-B333-424E-82CC-9D50517E265B} = {9E4C2479-3BB0-431D-9A25-EC6A1BB382A4}
	EndGlobalSection
	GlobalSection(ExtensibilityGlobals) = postSolution
		SolutionGuid = {F0BB8F8E-546D-43AE-9698-433B50035E81}
	EndGlobalSection
EndGlobal
